
Microsoft Visual Studio Solution File, Format Version 12.00
# Visual Studio 2013
VisualStudioVersion = 12.0.40629.0
MinimumVisualStudioVersion = 10.0.40219.1
Project("{FAE04EC0-301F-11D3-BF4B-00C04F79EFBC}") = "testWebApi", "testWebApi\testWebApi.csproj", "{4011F3B0-6FD8-46EE-A904-60BCC4332DD7}"
EndProject
Project("{FAE04EC0-301F-11D3-BF4B-00C04F79EFBC}") = "BAL", "BAL\BAL.csproj", "{0BD670BC-BE50-4654-9D4B-78B351881572}"
EndProject
Project("{FAE04EC0-301F-11D3-BF4B-00C04F79EFBC}") = "DAL", "DAL\DAL.csproj", "{3FCBBD6A-8E98-4218-AC22-26D7DC126779}"
EndProject
Global
	GlobalSection(SolutionConfigurationPlatforms) = preSolution
		Debug|Any CPU = Debug|Any CPU
		Release|Any CPU = Release|Any CPU
	EndGlobalSection
	GlobalSection(ProjectConfigurationPlatforms) = postSolution
		{4011F3B0-6FD8-46EE-A904-60BCC4332DD7}.Debug|Any CPU.ActiveCfg = Debug|Any CPU
		{4011F3B0-6FD8-46EE-A904-60BCC4332DD7}.Debug|Any CPU.Build.0 = Debug|Any CPU
		{4011F3B0-6FD8-46EE-A904-60BCC4332DD7}.Release|Any CPU.ActiveCfg = Release|Any CPU
		{4011F3B0-6FD8-46EE-A904-60BCC4332DD7}.Release|Any CPU.Build.0 = Release|Any CPU
		{0BD670BC-BE50-4654-9D4B-78B351881572}.Debug|Any CPU.ActiveCfg = Debug|Any CPU
		{0BD670BC-BE50-4654-9D4B-78B351881572}.Debug|Any CPU.Build.0 = Debug|Any CPU
		{0BD670BC-BE50-4654-9D4B-78B351881572}.Release|Any CPU.ActiveCfg = Release|Any CPU
		{0BD670BC-BE50-4654-9D4B-78B351881572}.Release|Any CPU.Build.0 = Release|Any CPU
		{3FCBBD6A-8E98-4218-AC22-26D7DC126779}.Debug|Any CPU.ActiveCfg = Debug|Any CPU
		{3FCBBD6A-8E98-4218-AC22-26D7DC126779}.Debug|Any CPU.Build.0 = Debug|Any CPU
		{3FCBBD6A-8E98-4218-AC22-26D7DC126779}.Release|Any CPU.ActiveCfg = Release|Any CPU
		{3FCBBD6A-8E98-4218-AC22-26D7DC126779}.Release|Any CPU.Build.0 = Release|Any CPU
	EndGlobalSection
	GlobalSection(SolutionProperties) = preSolution
		HideSolutionNode = FALSE
	EndGlobalSection
EndGlobal
